# This file was autogenerated by uv via the following command:
#    uv pip compile requirements.txt -o requirements.lock
certifi==2026.6.17
    # via requests
cffi==2.1.0
    # via sounddevice
charset-normalizer==3.4.9
    # via requests
darkdetect==0.7.1
    # via pyqtdarktheme
idna==3.18
    # via requests
lxml==6.1.1
    # via python-docx
numpy==2.4.6
    # via
    #   -r requirements.txt
    #   pywhispercpp
platformdirs==4.10.0
    # via pywhispercpp
pycparser==3.0
    # via cffi
pyqt6==6.11.0
    # via -r requirements.txt
pyqt6-qt6==6.11.1
    # via pyqt6
pyqt6-sip==13.11.1
    # via pyqt6
pyqtdarktheme==2.1.0
    # via -r requirements.txt
python-docx==1.2.0
    # via -r requirements.txt
pywhispercpp==1.5.0
    # via -r requirements.txt
requests==2.34.2
    # via pywhispercpp
sounddevice==0.5.5
    # via -r requirements.txt
tqdm==4.68.4
    # via pywhispercpp
typing-extensions==4.16.0
    # via python-docx
urllib3==2.7.0
    # via requests
