# CPython 3.11 development lock, maintained with uv.
# Regenerate with: uv pip compile requirements-dev.txt --python-version 3.11 -o requirements-dev.lock
certifi==2026.6.17
    # via requests
cffi==2.1.0
    # via sounddevice
charset-normalizer==3.4.9
    # via requests
coverage==7.15.0
    # via pytest-cov
darkdetect==0.7.1
    # via pyqtdarktheme
flatbuffers==25.12.19
    # via onnxruntime
idna==3.18
    # via requests
iniconfig==2.3.0
    # via pytest
librt==0.15.0
    # via mypy
lxml==6.1.1
    # via python-docx
mypy==1.20.2
    # via -r requirements-dev.txt
mypy-extensions==1.1.0
    # via mypy
numpy==2.4.6
    # via
    #   -r requirements.txt
    #   onnxruntime
    #   pywhispercpp
onnxruntime==1.28.0
    # via -r requirements.txt
packaging==26.3
    # via
    #   onnxruntime
    #   pytest
pathspec==1.1.1
    # via mypy
platformdirs==4.10.0
    # via pywhispercpp
pluggy==1.6.0
    # via
    #   pytest
    #   pytest-cov
protobuf==7.35.1
    # via onnxruntime
pycparser==3.0
    # via cffi
pygments==2.20.0
    # via pytest
pyqt6==6.11.0
    # via -r requirements.txt
pyqt6-qt6==6.11.1
    # via pyqt6
pyqt6-sip==13.11.1
    # via pyqt6
pyqtdarktheme==2.1.0
    # via -r requirements.txt
pytest==9.1.1
    # via
    #   -r requirements-dev.txt
    #   pytest-cov
pytest-cov==7.1.0
    # via -r requirements-dev.txt
python-docx==1.2.0
    # via -r requirements.txt
pywhispercpp==1.5.0
    # via -r requirements.txt
requests==2.34.2
    # via
    #   -r requirements.txt
    #   pywhispercpp
ruff==0.15.20
    # via -r requirements-dev.txt
sounddevice==0.5.5
    # via -r requirements.txt
tomli==2.4.1
    # via coverage
tqdm==4.68.4
    # via pywhispercpp
types-requests==2.33.0.20260712
    # via -r requirements-dev.txt
typing-extensions==4.16.0
    # via
    #   mypy
    #   python-docx
urllib3==2.7.0
    # via
    #   requests
    #   types-requests
