# This file was autogenerated by uv via the following command:
#    uv pip compile requirements-dev.txt -o requirements-dev.lock
certifi==2026.6.17
    # via requests
cffi==2.1.0
    # via sounddevice
charset-normalizer==3.4.9
    # via requests
darkdetect==0.7.1
    # via pyqtdarktheme
idna==3.18
    # via requests
iniconfig==2.3.0
    # via pytest
lxml==6.1.1
    # via python-docx
numpy==2.4.6
    # via
    #   -r requirements.txt
    #   pywhispercpp
packaging==26.2
    # via pytest
platformdirs==4.10.0
    # via pywhispercpp
pluggy==1.6.0
    # via pytest
pycparser==3.0
    # via cffi
pygments==2.20.0
    # via pytest
pyqt6==6.11.0
    # via -r requirements.txt
pyqt6-qt6==6.11.1
    # via pyqt6
pyqt6-sip==13.11.1
    # via pyqt6
pyqtdarktheme==2.1.0
    # via -r requirements.txt
pytest==9.1.1
    # via -r requirements-dev.txt
python-docx==1.2.0
    # via -r requirements.txt
pywhispercpp==1.5.0
    # via -r requirements.txt
requests==2.34.2
    # via pywhispercpp
ruff==0.15.20
    # via -r requirements-dev.txt
sounddevice==0.5.5
    # via -r requirements.txt
tqdm==4.68.4
    # via pywhispercpp
typing-extensions==4.16.0
    # via python-docx
urllib3==2.7.0
    # via requests
